failed to open log file "/var/log/pods/default_remote-bundler-job-16185c35-81a3-429a-8e3e-34839c09478c-kxfbm_9f229113-5844-11eb-9b09-42010a8e015e/remote-bundler-job-16185c35-81a3-429a-8e3e-34839c09478c/0.log": open /var/log/pods/default_remote-bundler-job-16185c35-81a3-429a-8e3e-34839c09478c-kxfbm_9f229113-5844-11eb-9b09-42010a8e015e/remote-bundler-job-16185c35-81a3-429a-8e3e-34839c09478c/0.log: no such file or directory